// !$*UTF8*$!
{
	archiveVersion = 1;
	classes = {
	};
	objectVersion = 56;
	objects = {

/* Begin PBXBuildFile section */
		9CA6246C2909B41C00A3D90C /* BannerView.swift in Sources */ = {isa = PBXBuildFile; fileRef = 9CA6246B2909B41C00A3D90C /* BannerView.swift */; };
		9CB5F39428FEA61D0090B2B4 /* SurveyApp.swift in Sources */ = {isa = PBXBuildFile; fileRef = 9CB5F39328FEA61D0090B2B4 /* SurveyApp.swift */; };
		9CB5F39828FEA61F0090B2B4 /* Assets.xcassets in Resources */ = {isa = PBXBuildFile; fileRef = 9CB5F39728FEA61F0090B2B4 /* Assets.xcassets */; };
		9CB5F39B28FEA61F0090B2B4 /* Preview Assets.xcassets in Resources */ = {isa = PBXBuildFile; fileRef = 9CB5F39A28FEA61F0090B2B4 /* Preview Assets.xcassets */; };
		9CB5F3C528FEA8670090B2B4 /* AppEnvironment.swift in Sources */ = {isa = PBXBuildFile; fileRef = 9CB5F3C428FEA8670090B2B4 /* AppEnvironment.swift */; };
		9CB5F3C828FEA8870090B2B4 /* DIContainer.swift in Sources */ = {isa = PBXBuildFile; fileRef = 9CB5F3C728FEA8870090B2B4 /* DIContainer.swift */; };
		9CB5F3CB28FEA9370090B2B4 /* HomeView.swift in Sources */ = {isa = PBXBuildFile; fileRef = 9CB5F3CA28FEA9370090B2B4 /* HomeView.swift */; };
		9CB5F3CD28FEA9440090B2B4 /* HomeViewModel.swift in Sources */ = {isa = PBXBuildFile; fileRef = 9CB5F3CC28FEA9440090B2B4 /* HomeViewModel.swift */; };
		9CB5F3CF28FEA9540090B2B4 /* SurveyView.swift in Sources */ = {isa = PBXBuildFile; fileRef = 9CB5F3CE28FEA9540090B2B4 /* SurveyView.swift */; };
		9CB5F3D128FEA9610090B2B4 /* SurveyViewModel.swift in Sources */ = {isa = PBXBuildFile; fileRef = 9CB5F3D028FEA9610090B2B4 /* SurveyViewModel.swift */; };
		9CB5F3D328FEAB7B0090B2B4 /* InteractorsContainer.swift in Sources */ = {isa = PBXBuildFile; fileRef = 9CB5F3D228FEAB7B0090B2B4 /* InteractorsContainer.swift */; };
		9CB5F3DE28FEAD4D0090B2B4 /* SurveyModel.xcdatamodeld in Sources */ = {isa = PBXBuildFile; fileRef = 9CB5F3DC28FEAD4D0090B2B4 /* SurveyModel.xcdatamodeld */; };
		9CB5F3E028FEAD5E0090B2B4 /* CoreDataStack.swift in Sources */ = {isa = PBXBuildFile; fileRef = 9CB5F3DF28FEAD5E0090B2B4 /* CoreDataStack.swift */; };
		9CB5F3E328FEADE00090B2B4 /* AppLogger.swift in Sources */ = {isa = PBXBuildFile; fileRef = 9CB5F3E228FEADE00090B2B4 /* AppLogger.swift */; };
		9CB5F3E628FEB03F0090B2B4 /* SurveyRepository.swift in Sources */ = {isa = PBXBuildFile; fileRef = 9CB5F3E528FEB03F0090B2B4 /* SurveyRepository.swift */; };
		9CB5F3E828FEB04A0090B2B4 /* SurveyDBRepository.swift in Sources */ = {isa = PBXBuildFile; fileRef = 9CB5F3E728FEB04A0090B2B4 /* SurveyDBRepository.swift */; };
		9CB5F3EA28FEB14F0090B2B4 /* APICall.swift in Sources */ = {isa = PBXBuildFile; fileRef = 9CB5F3E928FEB14F0090B2B4 /* APICall.swift */; };
		9CB5F3EC28FEB1650090B2B4 /* WebRepository.swift in Sources */ = {isa = PBXBuildFile; fileRef = 9CB5F3EB28FEB1650090B2B4 /* WebRepository.swift */; };
		9CB5F3EE28FEB2CD0090B2B4 /* NetworkingHelpers.swift in Sources */ = {isa = PBXBuildFile; fileRef = 9CB5F3ED28FEB2CD0090B2B4 /* NetworkingHelpers.swift */; };
		9CB5F3F028FEB3000090B2B4 /* Optional+Extensions.swift in Sources */ = {isa = PBXBuildFile; fileRef = 9CB5F3EF28FEB3000090B2B4 /* Optional+Extensions.swift */; };
		9CB5F3F228FEC4020090B2B4 /* Question.swift in Sources */ = {isa = PBXBuildFile; fileRef = 9CB5F3F128FEC4020090B2B4 /* Question.swift */; };
/* End PBXBuildFile section */

/* Begin PBXFileReference section */
		9CA6246B2909B41C00A3D90C /* BannerView.swift */ = {isa = PBXFileReference; fileEncoding = 4; lastKnownFileType = sourcecode.swift; path = BannerView.swift; sourceTree = "<group>"; };
		9CB5F39028FEA61D0090B2B4 /* survey-ios-app.app */ = {isa = PBXFileReference; explicitFileType = wrapper.application; includeInIndex = 0; path = "survey-ios-app.app"; sourceTree = BUILT_PRODUCTS_DIR; };
		9CB5F39328FEA61D0090B2B4 /* SurveyApp.swift */ = {isa = PBXFileReference; lastKnownFileType = sourcecode.swift; path = SurveyApp.swift; sourceTree = "<group>"; };
		9CB5F39728FEA61F0090B2B4 /* Assets.xcassets */ = {isa = PBXFileReference; lastKnownFileType = folder.assetcatalog; path = Assets.xcassets; sourceTree = "<group>"; };
		9CB5F39A28FEA61F0090B2B4 /* Preview Assets.xcassets */ = {isa = PBXFileReference; lastKnownFileType = folder.assetcatalog; path = "Preview Assets.xcassets"; sourceTree = "<group>"; };
		9CB5F3C428FEA8670090B2B4 /* AppEnvironment.swift */ = {isa = PBXFileReference; lastKnownFileType = sourcecode.swift; path = AppEnvironment.swift; sourceTree = "<group>"; };
		9CB5F3C728FEA8870090B2B4 /* DIContainer.swift */ = {isa = PBXFileReference; lastKnownFileType = sourcecode.swift; path = DIContainer.swift; sourceTree = "<group>"; };
		9CB5F3CA28FEA9370090B2B4 /* HomeView.swift */ = {isa = PBXFileReference; lastKnownFileType = sourcecode.swift; path = HomeView.swift; sourceTree = "<group>"; };
		9CB5F3CC28FEA9440090B2B4 /* HomeViewModel.swift */ = {isa = PBXFileReference; lastKnownFileType = sourcecode.swift; path = HomeViewModel.swift; sourceTree = "<group>"; };
		9CB5F3CE28FEA9540090B2B4 /* SurveyView.swift */ = {isa = PBXFileReference; lastKnownFileType = sourcecode.swift; path = SurveyView.swift; sourceTree = "<group>"; };
		9CB5F3D028FEA9610090B2B4 /* SurveyViewModel.swift */ = {isa = PBXFileReference; lastKnownFileType = sourcecode.swift; path = SurveyViewModel.swift; sourceTree = "<group>"; };
		9CB5F3D228FEAB7B0090B2B4 /* InteractorsContainer.swift */ = {isa = PBXFileReference; lastKnownFileType = sourcecode.swift; path = InteractorsContainer.swift; sourceTree = "<group>"; };
		9CB5F3DD28FEAD4D0090B2B4 /* SurveyModel.xcdatamodel */ = {isa = PBXFileReference; lastKnownFileType = wrapper.xcdatamodel; path = SurveyModel.xcdatamodel; sourceTree = "<group>"; };
		9CB5F3DF28FEAD5E0090B2B4 /* CoreDataStack.swift */ = {isa = PBXFileReference; lastKnownFileType = sourcecode.swift; path = CoreDataStack.swift; sourceTree = "<group>"; };
		9CB5F3E228FEADE00090B2B4 /* AppLogger.swift */ = {isa = PBXFileReference; lastKnownFileType = sourcecode.swift; path = AppLogger.swift; sourceTree = "<group>"; };
		9CB5F3E528FEB03F0090B2B4 /* SurveyRepository.swift */ = {isa = PBXFileReference; lastKnownFileType = sourcecode.swift; path = SurveyRepository.swift; sourceTree = "<group>"; };
		9CB5F3E728FEB04A0090B2B4 /* SurveyDBRepository.swift */ = {isa = PBXFileReference; lastKnownFileType = sourcecode.swift; path = SurveyDBRepository.swift; sourceTree = "<group>"; };
		9CB5F3E928FEB14F0090B2B4 /* APICall.swift */ = {isa = PBXFileReference; lastKnownFileType = sourcecode.swift; path = APICall.swift; sourceTree = "<group>"; };
		9CB5F3EB28FEB1650090B2B4 /* WebRepository.swift */ = {isa = PBXFileReference; lastKnownFileType = sourcecode.swift; path = WebRepository.swift; sourceTree = "<group>"; };
		9CB5F3ED28FEB2CD0090B2B4 /* NetworkingHelpers.swift */ = {isa = PBXFileReference; lastKnownFileType = sourcecode.swift; path = NetworkingHelpers.swift; sourceTree = "<group>"; };
		9CB5F3EF28FEB3000090B2B4 /* Optional+Extensions.swift */ = {isa = PBXFileReference; lastKnownFileType = sourcecode.swift; path = "Optional+Extensions.swift"; sourceTree = "<group>"; };
		9CB5F3F128FEC4020090B2B4 /* Question.swift */ = {isa = PBXFileReference; lastKnownFileType = sourcecode.swift; path = Question.swift; sourceTree = "<group>"; };
/* End PBXFileReference section */

/* Begin PBXFrameworksBuildPhase section */
		9CB5F38D28FEA61D0090B2B4 /* Frameworks */ = {
			isa = PBXFrameworksBuildPhase;
			buildActionMask = 2147483647;
			files = (
			);
			runOnlyForDeploymentPostprocessing = 0;
		};
/* End PBXFrameworksBuildPhase section */

/* Begin PBXGroup section */
		9CA624622909931A00A3D90C /* Home */ = {
			isa = PBXGroup;
			children = (
				9CB5F3CA28FEA9370090B2B4 /* HomeView.swift */,
				9CB5F3CC28FEA9440090B2B4 /* HomeViewModel.swift */,
			);
			path = Home;
			sourceTree = "<group>";
		};
		9CA624632909932100A3D90C /* Survey */ = {
			isa = PBXGroup;
			children = (
				9CB5F3CE28FEA9540090B2B4 /* SurveyView.swift */,
				9CB5F3D028FEA9610090B2B4 /* SurveyViewModel.swift */,
				9CA6246B2909B41C00A3D90C /* BannerView.swift */,
			);
			path = Survey;
			sourceTree = "<group>";
		};
		9CB5F38728FEA61D0090B2B4 = {
			isa = PBXGroup;
			children = (
				9CB5F39228FEA61D0090B2B4 /* survey-ios-app */,
				9CB5F39128FEA61D0090B2B4 /* Products */,
			);
			sourceTree = "<group>";
		};
		9CB5F39128FEA61D0090B2B4 /* Products */ = {
			isa = PBXGroup;
			children = (
				9CB5F39028FEA61D0090B2B4 /* survey-ios-app.app */,
			);
			name = Products;
			sourceTree = "<group>";
		};
		9CB5F39228FEA61D0090B2B4 /* survey-ios-app */ = {
			isa = PBXGroup;
			children = (
				9CB5F3DB28FEAD1F0090B2B4 /* Persistence */,
				9CB5F3C328FEA8390090B2B4 /* System */,
				9CB5F3C128FEA7900090B2B4 /* Presentation */,
				9CB5F3BE28FEA7690090B2B4 /* Repositories */,
				9CB5F3BF28FEA7720090B2B4 /* Models */,
				9CB5F3C028FEA77E0090B2B4 /* Extensions */,
				9CB5F3E128FEADBB0090B2B4 /* Utilities */,
				9CB5F3C228FEA7A20090B2B4 /* Resources */,
				9CB5F39928FEA61F0090B2B4 /* Preview Content */,
			);
			path = "survey-ios-app";
			sourceTree = "<group>";
		};
		9CB5F39928FEA61F0090B2B4 /* Preview Content */ = {
			isa = PBXGroup;
			children = (
				9CB5F39A28FEA61F0090B2B4 /* Preview Assets.xcassets */,
			);
			path = "Preview Content";
			sourceTree = "<group>";
		};
		9CB5F3BE28FEA7690090B2B4 /* Repositories */ = {
			isa = PBXGroup;
			children = (
				9CB5F3E528FEB03F0090B2B4 /* SurveyRepository.swift */,
				9CB5F3E728FEB04A0090B2B4 /* SurveyDBRepository.swift */,
			);
			path = Repositories;
			sourceTree = "<group>";
		};
		9CB5F3BF28FEA7720090B2B4 /* Models */ = {
			isa = PBXGroup;
			children = (
				9CB5F3F128FEC4020090B2B4 /* Question.swift */,
			);
			path = Models;
			sourceTree = "<group>";
		};
		9CB5F3C028FEA77E0090B2B4 /* Extensions */ = {
			isa = PBXGroup;
			children = (
				9CB5F3EF28FEB3000090B2B4 /* Optional+Extensions.swift */,
			);
			path = Extensions;
			sourceTree = "<group>";
		};
		9CB5F3C128FEA7900090B2B4 /* Presentation */ = {
			isa = PBXGroup;
			children = (
				9CA624622909931A00A3D90C /* Home */,
				9CA624632909932100A3D90C /* Survey */,
			);
			path = Presentation;
			sourceTree = "<group>";
		};
		9CB5F3C228FEA7A20090B2B4 /* Resources */ = {
			isa = PBXGroup;
			children = (
				9CB5F39728FEA61F0090B2B4 /* Assets.xcassets */,
			);
			path = Resources;
			sourceTree = "<group>";
		};
		9CB5F3C328FEA8390090B2B4 /* System */ = {
			isa = PBXGroup;
			children = (
				9CB5F39328FEA61D0090B2B4 /* SurveyApp.swift */,
				9CB5F3C428FEA8670090B2B4 /* AppEnvironment.swift */,
				9CB5F3C628FEA8760090B2B4 /* Injected */,
			);
			path = System;
			sourceTree = "<group>";
		};
		9CB5F3C628FEA8760090B2B4 /* Injected */ = {
			isa = PBXGroup;
			children = (
				9CB5F3C728FEA8870090B2B4 /* DIContainer.swift */,
				9CB5F3D228FEAB7B0090B2B4 /* InteractorsContainer.swift */,
			);
			path = Injected;
			sourceTree = "<group>";
		};
		9CB5F3DB28FEAD1F0090B2B4 /* Persistence */ = {
			isa = PBXGroup;
			children = (
				9CB5F3DC28FEAD4D0090B2B4 /* SurveyModel.xcdatamodeld */,
				9CB5F3DF28FEAD5E0090B2B4 /* CoreDataStack.swift */,
			);
			path = Persistence;
			sourceTree = "<group>";
		};
		9CB5F3E128FEADBB0090B2B4 /* Utilities */ = {
			isa = PBXGroup;
			children = (
				9CB5F3E228FEADE00090B2B4 /* AppLogger.swift */,
				9CB5F3E928FEB14F0090B2B4 /* APICall.swift */,
				9CB5F3EB28FEB1650090B2B4 /* WebRepository.swift */,
				9CB5F3ED28FEB2CD0090B2B4 /* NetworkingHelpers.swift */,
			);
			path = Utilities;
			sourceTree = "<group>";
		};
/* End PBXGroup section */

/* Begin PBXNativeTarget section */
		9CB5F38F28FEA61D0090B2B4 /* survey-ios-app */ = {
			isa = PBXNativeTarget;
			buildConfigurationList = 9CB5F3B428FEA61F0090B2B4 /* Build configuration list for PBXNativeTarget "survey-ios-app" */;
			buildPhases = (
				9CB5F38C28FEA61D0090B2B4 /* Sources */,
				9CB5F38D28FEA61D0090B2B4 /* Frameworks */,
				9CB5F38E28FEA61D0090B2B4 /* Resources */,
				9CB5F3E428FEAF5B0090B2B4 /* SwiftLint Script */,
			);
			buildRules = (
			);
			dependencies = (
			);
			name = "survey-ios-app";
			productName = "survey-ios-app";
			productReference = 9CB5F39028FEA61D0090B2B4 /* survey-ios-app.app */;
			productType = "com.apple.product-type.application";
		};
/* End PBXNativeTarget section */

/* Begin PBXProject section */
		9CB5F38828FEA61D0090B2B4 /* Project object */ = {
			isa = PBXProject;
			attributes = {
				BuildIndependentTargetsInParallel = 1;
				LastSwiftUpdateCheck = 1400;
				LastUpgradeCheck = 1400;
				TargetAttributes = {
					9CB5F38F28FEA61D0090B2B4 = {
						CreatedOnToolsVersion = 14.0.1;
					};
				};
			};
			buildConfigurationList = 9CB5F38B28FEA61D0090B2B4 /* Build configuration list for PBXProject "survey-ios-app" */;
			compatibilityVersion = "Xcode 14.0";
			developmentRegion = en;
			hasScannedForEncodings = 0;
			knownRegions = (
				en,
				Base,
			);
			mainGroup = 9CB5F38728FEA61D0090B2B4;
			productRefGroup = 9CB5F39128FEA61D0090B2B4 /* Products */;
			projectDirPath = "";
			projectRoot = "";
			targets = (
				9CB5F38F28FEA61D0090B2B4 /* survey-ios-app */,
			);
		};
/* End PBXProject section */

/* Begin PBXResourcesBuildPhase section */
		9CB5F38E28FEA61D0090B2B4 /* Resources */ = {
			isa = PBXResourcesBuildPhase;
			buildActionMask = 2147483647;
			files = (
				9CB5F39B28FEA61F0090B2B4 /* Preview Assets.xcassets in Resources */,
				9CB5F39828FEA61F0090B2B4 /* Assets.xcassets in Resources */,
			);
			runOnlyForDeploymentPostprocessing = 0;
		};
/* End PBXResourcesBuildPhase section */

/* Begin PBXShellScriptBuildPhase section */
		9CB5F3E428FEAF5B0090B2B4 /* SwiftLint Script */ = {
			isa = PBXShellScriptBuildPhase;
			buildActionMask = 2147483647;
			files = (
			);
			inputFileListPaths = (
			);
			inputPaths = (
			);
			name = "SwiftLint Script";
			outputFileListPaths = (
			);
			outputPaths = (
			);
			runOnlyForDeploymentPostprocessing = 0;
			shellPath = /bin/sh;
			shellScript = "export PATH=\"$PATH:/opt/homebrew/bin\"\nif which swiftlint > /dev/null; then\n  swiftlint\nelse\n  echo \"warning: SwiftLint not installed, download from https://github.com/realm/SwiftLint\"\nfi\n";
		};
/* End PBXShellScriptBuildPhase section */

/* Begin PBXSourcesBuildPhase section */
		9CB5F38C28FEA61D0090B2B4 /* Sources */ = {
			isa = PBXSourcesBuildPhase;
			buildActionMask = 2147483647;
			files = (
				9CB5F3D128FEA9610090B2B4 /* SurveyViewModel.swift in Sources */,
				9CB5F3C828FEA8870090B2B4 /* DIContainer.swift in Sources */,
				9CB5F3CB28FEA9370090B2B4 /* HomeView.swift in Sources */,
				9CB5F3F228FEC4020090B2B4 /* Question.swift in Sources */,
				9CB5F3CF28FEA9540090B2B4 /* SurveyView.swift in Sources */,
				9CB5F39428FEA61D0090B2B4 /* SurveyApp.swift in Sources */,
				9CB5F3E028FEAD5E0090B2B4 /* CoreDataStack.swift in Sources */,
				9CB5F3DE28FEAD4D0090B2B4 /* SurveyModel.xcdatamodeld in Sources */,
				9CA6246C2909B41C00A3D90C /* BannerView.swift in Sources */,
				9CB5F3CD28FEA9440090B2B4 /* HomeViewModel.swift in Sources */,
				9CB5F3D328FEAB7B0090B2B4 /* InteractorsContainer.swift in Sources */,
				9CB5F3E328FEADE00090B2B4 /* AppLogger.swift in Sources */,
				9CB5F3E828FEB04A0090B2B4 /* SurveyDBRepository.swift in Sources */,
				9CB5F3EC28FEB1650090B2B4 /* WebRepository.swift in Sources */,
				9CB5F3C528FEA8670090B2B4 /* AppEnvironment.swift in Sources */,
				9CB5F3F028FEB3000090B2B4 /* Optional+Extensions.swift in Sources */,
				9CB5F3EE28FEB2CD0090B2B4 /* NetworkingHelpers.swift in Sources */,
				9CB5F3EA28FEB14F0090B2B4 /* APICall.swift in Sources */,
				9CB5F3E628FEB03F0090B2B4 /* SurveyRepository.swift in Sources */,
			);
			runOnlyForDeploymentPostprocessing = 0;
		};
/* End PBXSourcesBuildPhase section */

/* Begin XCBuildConfiguration section */
		9CB5F3B228FEA61F0090B2B4 /* Debug */ = {
			isa = XCBuildConfiguration;
			buildSettings = {
				ALWAYS_SEARCH_USER_PATHS = NO;
				CLANG_ANALYZER_NONNULL = YES;
				CLANG_ANALYZER_NUMBER_OBJECT_CONVERSION = YES_AGGRESSIVE;
				CLANG_CXX_LANGUAGE_STANDARD = "gnu++20";
				CLANG_ENABLE_MODULES = YES;
				CLANG_ENABLE_OBJC_ARC = YES;
				CLANG_ENABLE_OBJC_WEAK = YES;
				CLANG_WARN_BLOCK_CAPTURE_AUTORELEASING = YES;
				CLANG_WARN_BOOL_CONVERSION = YES;
				CLANG_WARN_COMMA = YES;
				CLANG_WARN_CONSTANT_CONVERSION = YES;
				CLANG_WARN_DEPRECATED_OBJC_IMPLEMENTATIONS = YES;
				CLANG_WARN_DIRECT_OBJC_ISA_USAGE = YES_ERROR;
				CLANG_WARN_DOCUMENTATION_COMMENTS = YES;
				CLANG_WARN_EMPTY_BODY = YES;
				CLANG_WARN_ENUM_CONVERSION = YES;
				CLANG_WARN_INFINITE_RECURSION = YES;
				CLANG_WARN_INT_CONVERSION = YES;
				CLANG_WARN_NON_LITERAL_NULL_CONVERSION = YES;
				CLANG_WARN_OBJC_IMPLICIT_RETAIN_SELF = YES;
				CLANG_WARN_OBJC_LITERAL_CONVERSION = YES;
				CLANG_WARN_OBJC_ROOT_CLASS = YES_ERROR;
				CLANG_WARN_QUOTED_INCLUDE_IN_FRAMEWORK_HEADER = YES;
				CLANG_WARN_RANGE_LOOP_ANALYSIS = YES;
				CLANG_WARN_STRICT_PROTOTYPES = YES;
				CLANG_WARN_SUSPICIOUS_MOVE = YES;
				CLANG_WARN_UNGUARDED_AVAILABILITY = YES_AGGRESSIVE;
				CLANG_WARN_UNREACHABLE_CODE = YES;
				CLANG_WARN__DUPLICATE_METHOD_MATCH = YES;
				COPY_PHASE_STRIP = NO;
				DEBUG_INFORMATION_FORMAT = dwarf;
				ENABLE_STRICT_OBJC_MSGSEND = YES;
				ENABLE_TESTABILITY = YES;
				GCC_C_LANGUAGE_STANDARD = gnu11;
				GCC_DYNAMIC_NO_PIC = NO;
				GCC_NO_COMMON_BLOCKS = YES;
				GCC_OPTIMIZATION_LEVEL = 0;
				GCC_PREPROCESSOR_DEFINITIONS = (
					"DEBUG=1",
					"$(inherited)",
				);
				GCC_WARN_64_TO_32_BIT_CONVERSION = YES;
				GCC_WARN_ABOUT_RETURN_TYPE = YES_ERROR;
				GCC_WARN_UNDECLARED_SELECTOR = YES;
				GCC_WARN_UNINITIALIZED_AUTOS = YES_AGGRESSIVE;
				GCC_WARN_UNUSED_FUNCTION = YES;
				GCC_WARN_UNUSED_VARIABLE = YES;
				IPHONEOS_DEPLOYMENT_TARGET = 16.0;
				MTL_ENABLE_DEBUG_INFO = INCLUDE_SOURCE;
				MTL_FAST_MATH = YES;
				ONLY_ACTIVE_ARCH = YES;
				SDKROOT = iphoneos;
				SWIFT_ACTIVE_COMPILATION_CONDITIONS = DEBUG;
				SWIFT_OPTIMIZATION_LEVEL = "-Onone";
			};
			name = Debug;
		};
		9CB5F3B328FEA61F0090B2B4 /* Release */ = {
			isa = XCBuildConfiguration;
			buildSettings = {
				ALWAYS_SEARCH_USER_PATHS = NO;
				CLANG_ANALYZER_NONNULL = YES;
				CLANG_ANALYZER_NUMBER_OBJECT_CONVERSION = YES_AGGRESSIVE;
				CLANG_CXX_LANGUAGE_STANDARD = "gnu++20";
				CLANG_ENABLE_MODULES = YES;
				CLANG_ENABLE_OBJC_ARC = YES;
				CLANG_ENABLE_OBJC_WEAK = YES;
				CLANG_WARN_BLOCK_CAPTURE_AUTORELEASING = YES;
				CLANG_WARN_BOOL_CONVERSION = YES;
				CLANG_WARN_COMMA = YES;
				CLANG_WARN_CONSTANT_CONVERSION = YES;
				CLANG_WARN_DEPRECATED_OBJC_IMPLEMENTATIONS = YES;
				CLANG_WARN_DIRECT_OBJC_ISA_USAGE = YES_ERROR;
				CLANG_WARN_DOCUMENTATION_COMMENTS = YES;
				CLANG_WARN_EMPTY_BODY = YES;
				CLANG_WARN_ENUM_CONVERSION = YES;
				CLANG_WARN_INFINITE_RECURSION = YES;
				CLANG_WARN_INT_CONVERSION = YES;
				CLANG_WARN_NON_LITERAL_NULL_CONVERSION = YES;
				CLANG_WARN_OBJC_IMPLICIT_RETAIN_SELF = YES;
				CLANG_WARN_OBJC_LITERAL_CONVERSION = YES;
				CLANG_WARN_OBJC_ROOT_CLASS = YES_ERROR;
				CLANG_WARN_QUOTED_INCLUDE_IN_FRAMEWORK_HEADER = YES;
				CLANG_WARN_RANGE_LOOP_ANALYSIS = YES;
				CLANG_WARN_STRICT_PROTOTYPES = YES;
				CLANG_WARN_SUSPICIOUS_MOVE = YES;
				CLANG_WARN_UNGUARDED_AVAILABILITY = YES_AGGRESSIVE;
				CLANG_WARN_UNREACHABLE_CODE = YES;
				CLANG_WARN__DUPLICATE_METHOD_MATCH = YES;
				COPY_PHASE_STRIP = NO;
				DEBUG_INFORMATION_FORMAT = "dwarf-with-dsym";
				ENABLE_NS_ASSERTIONS = NO;
				ENABLE_STRICT_OBJC_MSGSEND = YES;
				GCC_C_LANGUAGE_STANDARD = gnu11;
				GCC_NO_COMMON_BLOCKS = YES;
				GCC_WARN_64_TO_32_BIT_CONVERSION = YES;
				GCC_WARN_ABOUT_RETURN_TYPE = YES_ERROR;
				GCC_WARN_UNDECLARED_SELECTOR = YES;
				GCC_WARN_UNINITIALIZED_AUTOS = YES_AGGRESSIVE;
				GCC_WARN_UNUSED_FUNCTION = YES;
				GCC_WARN_UNUSED_VARIABLE = YES;
				IPHONEOS_DEPLOYMENT_TARGET = 16.0;
				MTL_ENABLE_DEBUG_INFO = NO;
				MTL_FAST_MATH = YES;
				SDKROOT = iphoneos;
				SWIFT_COMPILATION_MODE = wholemodule;
				SWIFT_OPTIMIZATION_LEVEL = "-O";
				VALIDATE_PRODUCT = YES;
			};
			name = Release;
		};
		9CB5F3B528FEA61F0090B2B4 /* Debug */ = {
			isa = XCBuildConfiguration;
			buildSettings = {
				ASSETCATALOG_COMPILER_APPICON_NAME = AppIcon;
				ASSETCATALOG_COMPILER_GLOBAL_ACCENT_COLOR_NAME = AccentColor;
				CODE_SIGN_STYLE = Automatic;
				CURRENT_PROJECT_VERSION = 1;
				DEVELOPMENT_ASSET_PATHS = "\"survey-ios-app/Preview Content\"";
				DEVELOPMENT_TEAM = 6777W37SJX;
				ENABLE_PREVIEWS = YES;
				GENERATE_INFOPLIST_FILE = YES;
				INFOPLIST_KEY_CFBundleDisplayName = Survey;
				INFOPLIST_KEY_UIApplicationSceneManifest_Generation = YES;
				INFOPLIST_KEY_UIApplicationSupportsIndirectInputEvents = YES;
				INFOPLIST_KEY_UILaunchScreen_Generation = YES;
				INFOPLIST_KEY_UIRequiresFullScreen = YES;
				INFOPLIST_KEY_UIStatusBarStyle = UIStatusBarStyleLightContent;
				INFOPLIST_KEY_UISupportedInterfaceOrientations = UIInterfaceOrientationPortrait;
				IPHONEOS_DEPLOYMENT_TARGET = 15.0;
				LD_RUNPATH_SEARCH_PATHS = (
					"$(inherited)",
					"@executable_path/Frameworks",
				);
				MARKETING_VERSION = 1.0;
				PRODUCT_BUNDLE_IDENTIFIER = com.survey.test;
				PRODUCT_NAME = "$(TARGET_NAME)";
				SWIFT_EMIT_LOC_STRINGS = YES;
				SWIFT_VERSION = 5.0;
				TARGETED_DEVICE_FAMILY = "1,2";
			};
			name = Debug;
		};
		9CB5F3B628FEA61F0090B2B4 /* Release */ = {
			isa = XCBuildConfiguration;
			buildSettings = {
				ASSETCATALOG_COMPILER_APPICON_NAME = AppIcon;
				ASSETCATALOG_COMPILER_GLOBAL_ACCENT_COLOR_NAME = AccentColor;
				CODE_SIGN_STYLE = Automatic;
				CURRENT_PROJECT_VERSION = 1;
				DEVELOPMENT_ASSET_PATHS = "\"survey-ios-app/Preview Content\"";
				DEVELOPMENT_TEAM = 6777W37SJX;
				ENABLE_PREVIEWS = YES;
				GENERATE_INFOPLIST_FILE = YES;
				INFOPLIST_KEY_CFBundleDisplayName = Survey;
				INFOPLIST_KEY_UIApplicationSceneManifest_Generation = YES;
				INFOPLIST_KEY_UIApplicationSupportsIndirectInputEvents = YES;
				INFOPLIST_KEY_UILaunchScreen_Generation = YES;
				INFOPLIST_KEY_UIRequiresFullScreen = YES;
				INFOPLIST_KEY_UIStatusBarStyle = UIStatusBarStyleLightContent;
				INFOPLIST_KEY_UISupportedInterfaceOrientations = UIInterfaceOrientationPortrait;
				IPHONEOS_DEPLOYMENT_TARGET = 15.0;
				LD_RUNPATH_SEARCH_PATHS = (
					"$(inherited)",
					"@executable_path/Frameworks",
				);
				MARKETING_VERSION = 1.0;
				PRODUCT_BUNDLE_IDENTIFIER = com.survey.test;
				PRODUCT_NAME = "$(TARGET_NAME)";
				SWIFT_EMIT_LOC_STRINGS = YES;
				SWIFT_VERSION = 5.0;
				TARGETED_DEVICE_FAMILY = "1,2";
			};
			name = Release;
		};
/* End XCBuildConfiguration section */

/* Begin XCConfigurationList section */
		9CB5F38B28FEA61D0090B2B4 /* Build configuration list for PBXProject "survey-ios-app" */ = {
			isa = XCConfigurationList;
			buildConfigurations = (
				9CB5F3B228FEA61F0090B2B4 /* Debug */,
				9CB5F3B328FEA61F0090B2B4 /* Release */,
			);
			defaultConfigurationIsVisible = 0;
			defaultConfigurationName = Release;
		};
		9CB5F3B428FEA61F0090B2B4 /* Build configuration list for PBXNativeTarget "survey-ios-app" */ = {
			isa = XCConfigurationList;
			buildConfigurations = (
				9CB5F3B528FEA61F0090B2B4 /* Debug */,
				9CB5F3B628FEA61F0090B2B4 /* Release */,
			);
			defaultConfigurationIsVisible = 0;
			defaultConfigurationName = Release;
		};
/* End XCConfigurationList section */

/* Begin XCVersionGroup section */
		9CB5F3DC28FEAD4D0090B2B4 /* SurveyModel.xcdatamodeld */ = {
			isa = XCVersionGroup;
			children = (
				9CB5F3DD28FEAD4D0090B2B4 /* SurveyModel.xcdatamodel */,
			);
			currentVersion = 9CB5F3DD28FEAD4D0090B2B4 /* SurveyModel.xcdatamodel */;
			path = SurveyModel.xcdatamodeld;
			sourceTree = "<group>";
			versionGroupType = wrapper.xcdatamodel;
		};
/* End XCVersionGroup section */
	};
	rootObject = 9CB5F38828FEA61D0090B2B4 /* Project object */;
}
